
Microsoft Visual Studio Solution File, Format Version 12.00
# Visual Studio Version 16
VisualStudioVersion = 16.0.32630.194
MinimumVisualStudioVersion = 10.0.40219.1
Project("{FAE04EC0-301F-11D3-BF4B-00C04F79EFBC}") = "ConsoleApp1", "ConsoleApp1\ConsoleApp1.csproj", "{954FF5DA-9BD0-4DF6-B966-93FD63524CA1}"
EndProject
Global
	GlobalSection(SolutionConfigurationPlatforms) = preSolution
		Debug|Any CPU = Debug|Any CPU
		Release|Any CPU = Release|Any CPU
	EndGlobalSection
	GlobalSection(ProjectConfigurationPlatforms) = postSolution
		{954FF5DA-9BD0-4DF6-B966-93FD63524CA1}.Debug|Any CPU.ActiveCfg = Debug|Any CPU
		{954FF5DA-9BD0-4DF6-B966-93FD63524CA1}.Debug|Any CPU.Build.0 = Debug|Any CPU
		{954FF5DA-9BD0-4DF6-B966-93FD63524CA1}.Release|Any CPU.ActiveCfg = Release|Any CPU
		{954FF5DA-9BD0-4DF6-B966-93FD63524CA1}.Release|Any CPU.Build.0 = Release|Any CPU
	EndGlobalSection
	GlobalSection(SolutionProperties) = preSolution
		HideSolutionNode = FALSE
	EndGlobalSection
	GlobalSection(ExtensibilityGlobals) = postSolution
		SolutionGuid = {A48FB8E6-E1CF-4295-90BB-1BAE6FCF8906}
	EndGlobalSection
EndGlobal
